
Microsoft Visual Studio Solution File, Format Version 12.00
# Visual Studio 15
VisualStudioVersion = 15.0.26730.12
MinimumVisualStudioVersion = 10.0.40219.1
Project("{9A19103F-16F7-4668-BE54-9A1E7A4F7556}") = "DockerV6", "DockerV6\DockerV6.csproj", "{AF5E74DC-44ED-4985-8CDB-870505CF6EC2}"
EndProject
Project("{E53339B2-1760-4266-BCC7-CA923CBCF16C}") = "docker-compose", "docker-compose.dcproj", "{F704C7E1-89A3-4EA1-85C5-62379D4EBC68}"
EndProject
Global
	GlobalSection(SolutionConfigurationPlatforms) = preSolution
		Debug|Any CPU = Debug|Any CPU
		Release|Any CPU = Release|Any CPU
	EndGlobalSection
	GlobalSection(ProjectConfigurationPlatforms) = postSolution
		{AF5E74DC-44ED-4985-8CDB-870505CF6EC2}.Debug|Any CPU.ActiveCfg = Debug|Any CPU
		{AF5E74DC-44ED-4985-8CDB-870505CF6EC2}.Debug|Any CPU.Build.0 = Debug|Any CPU
		{AF5E74DC-44ED-4985-8CDB-870505CF6EC2}.Release|Any CPU.ActiveCfg = Release|Any CPU
		{AF5E74DC-44ED-4985-8CDB-870505CF6EC2}.Release|Any CPU.Build.0 = Release|Any CPU
		{F704C7E1-89A3-4EA1-85C5-62379D4EBC68}.Debug|Any CPU.ActiveCfg = Debug|Any CPU
		{F704C7E1-89A3-4EA1-85C5-62379D4EBC68}.Debug|Any CPU.Build.0 = Debug|Any CPU
		{F704C7E1-89A3-4EA1-85C5-62379D4EBC68}.Release|Any CPU.ActiveCfg = Release|Any CPU
		{F704C7E1-89A3-4EA1-85C5-62379D4EBC68}.Release|Any CPU.Build.0 = Release|Any CPU
	EndGlobalSection
	GlobalSection(SolutionProperties) = preSolution
		HideSolutionNode = FALSE
	EndGlobalSection
	GlobalSection(ExtensibilityGlobals) = postSolution
		SolutionGuid = {C4525E5D-3FDC-44A5-BD5E-C0A607A55942}
	EndGlobalSection
EndGlobal
